// !$*UTF8*$!
{
	archiveVersion = 1;
	classes = {
	};
	objectVersion = 56;
	objects = {

/* Begin PBXBuildFile section */
		4C54B01B2BC027FD00315A3B /* ProtonVPNApp.swift in Sources */ = {isa = PBXBuildFile; fileRef = 4C54B01A2BC027FD00315A3B /* ProtonVPNApp.swift */; };
		4C54B01F2BC027FE00315A3B /* Assets.xcassets in Resources */ = {isa = PBXBuildFile; fileRef = 4C54B01E2BC027FE00315A3B /* Assets.xcassets */; };
		4C54B0222BC027FE00315A3B /* PreviewAssets.xcassets in Resources */ = {isa = PBXBuildFile; fileRef = 4C54B0212BC027FE00315A3B /* PreviewAssets.xcassets */; };
		4C54B02C2BC027FF00315A3B /* ProtonVPNTests.swift in Sources */ = {isa = PBXBuildFile; fileRef = 4C54B02B2BC027FF00315A3B /* ProtonVPNTests.swift */; };
		4C54B0362BC027FF00315A3B /* ProtonVPNUITests.swift in Sources */ = {isa = PBXBuildFile; fileRef = 4C54B0352BC027FF00315A3B /* ProtonVPNUITests.swift */; };
		4C54B0382BC027FF00315A3B /* ProtonVPNUITestsLaunchTests.swift in Sources */ = {isa = PBXBuildFile; fileRef = 4C54B0372BC027FF00315A3B /* ProtonVPNUITestsLaunchTests.swift */; };
		4C54B04C2BC02AB200315A3B /* NetworkExtension.framework in Frameworks */ = {isa = PBXBuildFile; fileRef = 4C54B04B2BC02AB200315A3B /* NetworkExtension.framework */; };
		4C54B04F2BC02AB200315A3B /* PacketTunnelProvider.swift in Sources */ = {isa = PBXBuildFile; fileRef = 4C54B04E2BC02AB200315A3B /* PacketTunnelProvider.swift */; };
		E515F8BA2BE0CF6100EA4ABF /* SettingsFeatureTests.swift in Sources */ = {isa = PBXBuildFile; fileRef = E515F8B92BE0CF6100EA4ABF /* SettingsFeatureTests.swift */; };
		E515F8BF2BE0D1FC00EA4ABF /* WelcomeFeatureTests.swift in Sources */ = {isa = PBXBuildFile; fileRef = E515F8BB2BE0D1FC00EA4ABF /* WelcomeFeatureTests.swift */; };
		E515F8C02BE0D1FC00EA4ABF /* SignInFeatureTests.swift in Sources */ = {isa = PBXBuildFile; fileRef = E515F8BC2BE0D1FC00EA4ABF /* SignInFeatureTests.swift */; };
		E515F8C12BE0D1FC00EA4ABF /* MainFeatureTests.swift in Sources */ = {isa = PBXBuildFile; fileRef = E515F8BD2BE0D1FC00EA4ABF /* MainFeatureTests.swift */; };
		E515F8C22BE0D1FC00EA4ABF /* AppFeatureTests.swift in Sources */ = {isa = PBXBuildFile; fileRef = E515F8BE2BE0D1FC00EA4ABF /* AppFeatureTests.swift */; };
		E515F8C52BE0D3F500EA4ABF /* CreateAccountFeature.swift in Sources */ = {isa = PBXBuildFile; fileRef = E515F8C32BE0D3B600EA4ABF /* CreateAccountFeature.swift */; };
		E515F8C82BE0DB7E00EA4ABF /* ServerPoll.swift in Sources */ = {isa = PBXBuildFile; fileRef = E515F8C62BE0DB5E00EA4ABF /* ServerPoll.swift */; };
		E5280E5D2BD9057600CDDBAF /* SettingsView.swift in Sources */ = {isa = PBXBuildFile; fileRef = E5280E532BD9057600CDDBAF /* SettingsView.swift */; };
		E5280E5E2BD9057600CDDBAF /* WelcomeView.swift in Sources */ = {isa = PBXBuildFile; fileRef = E5280E552BD9057600CDDBAF /* WelcomeView.swift */; };
		E5280E5F2BD9057600CDDBAF /* QRCodeView.swift in Sources */ = {isa = PBXBuildFile; fileRef = E5280E572BD9057600CDDBAF /* QRCodeView.swift */; };
		E5280E602BD9057600CDDBAF /* CreateAccountView.swift in Sources */ = {isa = PBXBuildFile; fileRef = E5280E592BD9057600CDDBAF /* CreateAccountView.swift */; };
		E5280E612BD9057600CDDBAF /* SignInView.swift in Sources */ = {isa = PBXBuildFile; fileRef = E5280E5B2BD9057600CDDBAF /* SignInView.swift */; };
		E55A29D92BDA50100006E85D /* SignInFeature.swift in Sources */ = {isa = PBXBuildFile; fileRef = E55A29D82BDA50100006E85D /* SignInFeature.swift */; };
		E55A29DB2BDA50B80006E85D /* WelcomeFeature.swift in Sources */ = {isa = PBXBuildFile; fileRef = E55A29DA2BDA50B80006E85D /* WelcomeFeature.swift */; };
		E55A29DD2BDA50D20006E85D /* SettingsFeature.swift in Sources */ = {isa = PBXBuildFile; fileRef = E55A29DC2BDA50D20006E85D /* SettingsFeature.swift */; };
		E55A29E02BDA69F40006E85D /* MainView.swift in Sources */ = {isa = PBXBuildFile; fileRef = E55A29DF2BDA69F40006E85D /* MainView.swift */; };
		E55A29E22BDA6A040006E85D /* MainFeature.swift in Sources */ = {isa = PBXBuildFile; fileRef = E55A29E12BDA6A040006E85D /* MainFeature.swift */; };
		E55A29E42BDA77850006E85D /* AppFeature.swift in Sources */ = {isa = PBXBuildFile; fileRef = E55A29E32BDA77850006E85D /* AppFeature.swift */; };
		E55A29E62BDA78460006E85D /* AppView.swift in Sources */ = {isa = PBXBuildFile; fileRef = E55A29E52BDA78460006E85D /* AppView.swift */; };
		E56C8CC22BCFC2CB0029B6AE /* ComposableArchitecture in Frameworks */ = {isa = PBXBuildFile; productRef = E56C8CC12BCFC2CB0029B6AE /* ComposableArchitecture */; };
		E56C8CC62BCFCEFF0029B6AE /* Theme in Frameworks */ = {isa = PBXBuildFile; productRef = E56C8CC52BCFCEFF0029B6AE /* Theme */; };
		E5BC9DE32BD7F7C800CBF85A /* NetworkClient.swift in Sources */ = {isa = PBXBuildFile; fileRef = E5BC9DE22BD7F7C800CBF85A /* NetworkClient.swift */; };
		E5D846BB2BDBB93C006EEEDB /* UIImage+QRCodeGenerating.swift in Sources */ = {isa = PBXBuildFile; fileRef = E5D846BA2BDBB93C006EEEDB /* UIImage+QRCodeGenerating.swift */; };
/* End PBXBuildFile section */

/* Begin PBXContainerItemProxy section */
		4C54B0282BC027FF00315A3B /* PBXContainerItemProxy */ = {
			isa = PBXContainerItemProxy;
			containerPortal = 4C54B00F2BC027FD00315A3B /* Project object */;
			proxyType = 1;
			remoteGlobalIDString = 4C54B0162BC027FD00315A3B;
			remoteInfo = ProtonVPN;
		};
		4C54B0322BC027FF00315A3B /* PBXContainerItemProxy */ = {
			isa = PBXContainerItemProxy;
			containerPortal = 4C54B00F2BC027FD00315A3B /* Project object */;
			proxyType = 1;
			remoteGlobalIDString = 4C54B0162BC027FD00315A3B;
			remoteInfo = ProtonVPN;
		};
/* End PBXContainerItemProxy section */

/* Begin PBXFileReference section */
		4C54B0172BC027FD00315A3B /* ProtonVPN-TV.app */ = {isa = PBXFileReference; explicitFileType = wrapper.application; includeInIndex = 0; path = "ProtonVPN-TV.app"; sourceTree = BUILT_PRODUCTS_DIR; };
		4C54B01A2BC027FD00315A3B /* ProtonVPNApp.swift */ = {isa = PBXFileReference; lastKnownFileType = sourcecode.swift; path = ProtonVPNApp.swift; sourceTree = "<group>"; };
		4C54B01E2BC027FE00315A3B /* Assets.xcassets */ = {isa = PBXFileReference; lastKnownFileType = folder.assetcatalog; path = Assets.xcassets; sourceTree = "<group>"; };
		4C54B0212BC027FE00315A3B /* PreviewAssets.xcassets */ = {isa = PBXFileReference; lastKnownFileType = folder.assetcatalog; path = PreviewAssets.xcassets; sourceTree = "<group>"; };
		4C54B0272BC027FF00315A3B /* tvOSTests.xctest */ = {isa = PBXFileReference; explicitFileType = wrapper.cfbundle; includeInIndex = 0; path = tvOSTests.xctest; sourceTree = BUILT_PRODUCTS_DIR; };
		4C54B02B2BC027FF00315A3B /* ProtonVPNTests.swift */ = {isa = PBXFileReference; lastKnownFileType = sourcecode.swift; path = ProtonVPNTests.swift; sourceTree = "<group>"; };
		4C54B0312BC027FF00315A3B /* tvOSUITests.xctest */ = {isa = PBXFileReference; explicitFileType = wrapper.cfbundle; includeInIndex = 0; path = tvOSUITests.xctest; sourceTree = BUILT_PRODUCTS_DIR; };
		4C54B0352BC027FF00315A3B /* ProtonVPNUITests.swift */ = {isa = PBXFileReference; lastKnownFileType = sourcecode.swift; path = ProtonVPNUITests.swift; sourceTree = "<group>"; };
		4C54B0372BC027FF00315A3B /* ProtonVPNUITestsLaunchTests.swift */ = {isa = PBXFileReference; lastKnownFileType = sourcecode.swift; path = ProtonVPNUITestsLaunchTests.swift; sourceTree = "<group>"; };
		4C54B0442BC0288F00315A3B /* Config.xcconfig */ = {isa = PBXFileReference; lastKnownFileType = text.xcconfig; name = Config.xcconfig; path = ../Config.xcconfig; sourceTree = "<group>"; };
		4C54B0492BC02AB200315A3B /* WireGuard-tvOS.appex */ = {isa = PBXFileReference; explicitFileType = "wrapper.app-extension"; includeInIndex = 0; path = "WireGuard-tvOS.appex"; sourceTree = BUILT_PRODUCTS_DIR; };
		4C54B04B2BC02AB200315A3B /* NetworkExtension.framework */ = {isa = PBXFileReference; lastKnownFileType = wrapper.framework; name = NetworkExtension.framework; path = System/Library/Frameworks/NetworkExtension.framework; sourceTree = SDKROOT; };
		4C54B04E2BC02AB200315A3B /* PacketTunnelProvider.swift */ = {isa = PBXFileReference; lastKnownFileType = sourcecode.swift; path = PacketTunnelProvider.swift; sourceTree = "<group>"; };
		4C54B0502BC02AB200315A3B /* Info.plist */ = {isa = PBXFileReference; lastKnownFileType = text.plist.xml; path = Info.plist; sourceTree = "<group>"; };
		4C54B0512BC02AB200315A3B /* wireguard_tv.entitlements */ = {isa = PBXFileReference; lastKnownFileType = text.plist.entitlements; path = wireguard_tv.entitlements; sourceTree = "<group>"; };
		E515F8B92BE0CF6100EA4ABF /* SettingsFeatureTests.swift */ = {isa = PBXFileReference; lastKnownFileType = sourcecode.swift; path = SettingsFeatureTests.swift; sourceTree = "<group>"; };
		E515F8BB2BE0D1FC00EA4ABF /* WelcomeFeatureTests.swift */ = {isa = PBXFileReference; fileEncoding = 4; lastKnownFileType = sourcecode.swift; path = WelcomeFeatureTests.swift; sourceTree = "<group>"; };
		E515F8BC2BE0D1FC00EA4ABF /* SignInFeatureTests.swift */ = {isa = PBXFileReference; fileEncoding = 4; lastKnownFileType = sourcecode.swift; path = SignInFeatureTests.swift; sourceTree = "<group>"; };
		E515F8BD2BE0D1FC00EA4ABF /* MainFeatureTests.swift */ = {isa = PBXFileReference; fileEncoding = 4; lastKnownFileType = sourcecode.swift; path = MainFeatureTests.swift; sourceTree = "<group>"; };
		E515F8BE2BE0D1FC00EA4ABF /* AppFeatureTests.swift */ = {isa = PBXFileReference; fileEncoding = 4; lastKnownFileType = sourcecode.swift; path = AppFeatureTests.swift; sourceTree = "<group>"; };
		E515F8C32BE0D3B600EA4ABF /* CreateAccountFeature.swift */ = {isa = PBXFileReference; lastKnownFileType = sourcecode.swift; path = CreateAccountFeature.swift; sourceTree = "<group>"; };
		E515F8C62BE0DB5E00EA4ABF /* ServerPoll.swift */ = {isa = PBXFileReference; lastKnownFileType = sourcecode.swift; path = ServerPoll.swift; sourceTree = "<group>"; };
		E5280E532BD9057600CDDBAF /* SettingsView.swift */ = {isa = PBXFileReference; fileEncoding = 4; lastKnownFileType = sourcecode.swift; path = SettingsView.swift; sourceTree = "<group>"; };
		E5280E552BD9057600CDDBAF /* WelcomeView.swift */ = {isa = PBXFileReference; fileEncoding = 4; lastKnownFileType = sourcecode.swift; path = WelcomeView.swift; sourceTree = "<group>"; };
		E5280E572BD9057600CDDBAF /* QRCodeView.swift */ = {isa = PBXFileReference; fileEncoding = 4; lastKnownFileType = sourcecode.swift; path = QRCodeView.swift; sourceTree = "<group>"; };
		E5280E592BD9057600CDDBAF /* CreateAccountView.swift */ = {isa = PBXFileReference; fileEncoding = 4; lastKnownFileType = sourcecode.swift; path = CreateAccountView.swift; sourceTree = "<group>"; };
		E5280E5B2BD9057600CDDBAF /* SignInView.swift */ = {isa = PBXFileReference; fileEncoding = 4; lastKnownFileType = sourcecode.swift; path = SignInView.swift; sourceTree = "<group>"; };
		E55A29D82BDA50100006E85D /* SignInFeature.swift */ = {isa = PBXFileReference; lastKnownFileType = sourcecode.swift; path = SignInFeature.swift; sourceTree = "<group>"; };
		E55A29DA2BDA50B80006E85D /* WelcomeFeature.swift */ = {isa = PBXFileReference; lastKnownFileType = sourcecode.swift; path = WelcomeFeature.swift; sourceTree = "<group>"; };
		E55A29DC2BDA50D20006E85D /* SettingsFeature.swift */ = {isa = PBXFileReference; lastKnownFileType = sourcecode.swift; path = SettingsFeature.swift; sourceTree = "<group>"; };
		E55A29DF2BDA69F40006E85D /* MainView.swift */ = {isa = PBXFileReference; lastKnownFileType = sourcecode.swift; path = MainView.swift; sourceTree = "<group>"; };
		E55A29E12BDA6A040006E85D /* MainFeature.swift */ = {isa = PBXFileReference; lastKnownFileType = sourcecode.swift; path = MainFeature.swift; sourceTree = "<group>"; };
		E55A29E32BDA77850006E85D /* AppFeature.swift */ = {isa = PBXFileReference; lastKnownFileType = sourcecode.swift; path = AppFeature.swift; sourceTree = "<group>"; };
		E55A29E52BDA78460006E85D /* AppView.swift */ = {isa = PBXFileReference; lastKnownFileType = sourcecode.swift; path = AppView.swift; sourceTree = "<group>"; };
		E5BC9DE22BD7F7C800CBF85A /* NetworkClient.swift */ = {isa = PBXFileReference; lastKnownFileType = sourcecode.swift; path = NetworkClient.swift; sourceTree = "<group>"; };
		E5D846BA2BDBB93C006EEEDB /* UIImage+QRCodeGenerating.swift */ = {isa = PBXFileReference; lastKnownFileType = sourcecode.swift; path = "UIImage+QRCodeGenerating.swift"; sourceTree = "<group>"; };
/* End PBXFileReference section */

/* Begin PBXFrameworksBuildPhase section */
		4C54B0142BC027FD00315A3B /* Frameworks */ = {
			isa = PBXFrameworksBuildPhase;
			buildActionMask = 2147483647;
			files = (
				E56C8CC62BCFCEFF0029B6AE /* Theme in Frameworks */,
				E56C8CC22BCFC2CB0029B6AE /* ComposableArchitecture in Frameworks */,
			);
			runOnlyForDeploymentPostprocessing = 0;
		};
		4C54B0242BC027FF00315A3B /* Frameworks */ = {
			isa = PBXFrameworksBuildPhase;
			buildActionMask = 2147483647;
			files = (
			);
			runOnlyForDeploymentPostprocessing = 0;
		};
		4C54B02E2BC027FF00315A3B /* Frameworks */ = {
			isa = PBXFrameworksBuildPhase;
			buildActionMask = 2147483647;
			files = (
			);
			runOnlyForDeploymentPostprocessing = 0;
		};
		4C54B0462BC02AB200315A3B /* Frameworks */ = {
			isa = PBXFrameworksBuildPhase;
			buildActionMask = 2147483647;
			files = (
				4C54B04C2BC02AB200315A3B /* NetworkExtension.framework in Frameworks */,
			);
			runOnlyForDeploymentPostprocessing = 0;
		};
/* End PBXFrameworksBuildPhase section */

/* Begin PBXGroup section */
		4C54B00E2BC027FD00315A3B = {
			isa = PBXGroup;
			children = (
				4C54B0442BC0288F00315A3B /* Config.xcconfig */,
				4C54B0192BC027FD00315A3B /* ProtonVPN */,
				4C54B02A2BC027FF00315A3B /* ProtonVPNTests */,
				4C54B0342BC027FF00315A3B /* ProtonVPNUITests */,
				4C54B04D2BC02AB200315A3B /* WireGuard-tvOS */,
				4C54B04A2BC02AB200315A3B /* Frameworks */,
				4C54B0182BC027FD00315A3B /* Products */,
			);
			sourceTree = "<group>";
		};
		4C54B0182BC027FD00315A3B /* Products */ = {
			isa = PBXGroup;
			children = (
				4C54B0172BC027FD00315A3B /* ProtonVPN-TV.app */,
				4C54B0272BC027FF00315A3B /* tvOSTests.xctest */,
				4C54B0312BC027FF00315A3B /* tvOSUITests.xctest */,
				4C54B0492BC02AB200315A3B /* WireGuard-tvOS.appex */,
			);
			name = Products;
			sourceTree = "<group>";
		};
		4C54B0192BC027FD00315A3B /* ProtonVPN */ = {
			isa = PBXGroup;
			children = (
				4C54B01A2BC027FD00315A3B /* ProtonVPNApp.swift */,
				E55A29E82BDA78B10006E85D /* Services */,
				E5280E502BD9057600CDDBAF /* Views */,
				4C54B01E2BC027FE00315A3B /* Assets.xcassets */,
				4C54B0202BC027FE00315A3B /* PreviewContent */,
			);
			path = ProtonVPN;
			sourceTree = "<group>";
		};
		4C54B0202BC027FE00315A3B /* PreviewContent */ = {
			isa = PBXGroup;
			children = (
				4C54B0212BC027FE00315A3B /* PreviewAssets.xcassets */,
			);
			path = PreviewContent;
			sourceTree = "<group>";
		};
		4C54B02A2BC027FF00315A3B /* ProtonVPNTests */ = {
			isa = PBXGroup;
			children = (
				4C54B02B2BC027FF00315A3B /* ProtonVPNTests.swift */,
				E515F8B92BE0CF6100EA4ABF /* SettingsFeatureTests.swift */,
				E515F8BE2BE0D1FC00EA4ABF /* AppFeatureTests.swift */,
				E515F8BD2BE0D1FC00EA4ABF /* MainFeatureTests.swift */,
				E515F8BC2BE0D1FC00EA4ABF /* SignInFeatureTests.swift */,
				E515F8BB2BE0D1FC00EA4ABF /* WelcomeFeatureTests.swift */,
			);
			path = ProtonVPNTests;
			sourceTree = "<group>";
		};
		4C54B0342BC027FF00315A3B /* ProtonVPNUITests */ = {
			isa = PBXGroup;
			children = (
				4C54B0352BC027FF00315A3B /* ProtonVPNUITests.swift */,
				4C54B0372BC027FF00315A3B /* ProtonVPNUITestsLaunchTests.swift */,
			);
			path = ProtonVPNUITests;
			sourceTree = "<group>";
		};
		4C54B04A2BC02AB200315A3B /* Frameworks */ = {
			isa = PBXGroup;
			children = (
				4C54B04B2BC02AB200315A3B /* NetworkExtension.framework */,
			);
			name = Frameworks;
			sourceTree = "<group>";
		};
		4C54B04D2BC02AB200315A3B /* WireGuard-tvOS */ = {
			isa = PBXGroup;
			children = (
				4C54B04E2BC02AB200315A3B /* PacketTunnelProvider.swift */,
				4C54B0502BC02AB200315A3B /* Info.plist */,
				4C54B0512BC02AB200315A3B /* wireguard_tv.entitlements */,
			);
			path = "WireGuard-tvOS";
			sourceTree = "<group>";
		};
		E5280E502BD9057600CDDBAF /* Views */ = {
			isa = PBXGroup;
			children = (
				E55A29E72BDA78800006E85D /* App */,
				E55A29DE2BDA69E30006E85D /* Main */,
				E5280E512BD9057600CDDBAF /* Settings */,
				E5280E542BD9057600CDDBAF /* Welcome */,
				E5280E562BD9057600CDDBAF /* Common */,
				E5280E582BD9057600CDDBAF /* CreateAccount */,
				E5280E5A2BD9057600CDDBAF /* Sign In */,
			);
			path = Views;
			sourceTree = "<group>";
		};
		E5280E512BD9057600CDDBAF /* Settings */ = {
			isa = PBXGroup;
			children = (
				E5280E532BD9057600CDDBAF /* SettingsView.swift */,
				E55A29DC2BDA50D20006E85D /* SettingsFeature.swift */,
			);
			path = Settings;
			sourceTree = "<group>";
		};
		E5280E542BD9057600CDDBAF /* Welcome */ = {
			isa = PBXGroup;
			children = (
				E5280E552BD9057600CDDBAF /* WelcomeView.swift */,
				E55A29DA2BDA50B80006E85D /* WelcomeFeature.swift */,
			);
			path = Welcome;
			sourceTree = "<group>";
		};
		E5280E562BD9057600CDDBAF /* Common */ = {
			isa = PBXGroup;
			children = (
				E5280E572BD9057600CDDBAF /* QRCodeView.swift */,
			);
			path = Common;
			sourceTree = "<group>";
		};
		E5280E582BD9057600CDDBAF /* CreateAccount */ = {
			isa = PBXGroup;
			children = (
				E5280E592BD9057600CDDBAF /* CreateAccountView.swift */,
				E515F8C32BE0D3B600EA4ABF /* CreateAccountFeature.swift */,
			);
			path = CreateAccount;
			sourceTree = "<group>";
		};
		E5280E5A2BD9057600CDDBAF /* Sign In */ = {
			isa = PBXGroup;
			children = (
				E5280E5B2BD9057600CDDBAF /* SignInView.swift */,
				E55A29D82BDA50100006E85D /* SignInFeature.swift */,
			);
			path = "Sign In";
			sourceTree = "<group>";
		};
		E55A29DE2BDA69E30006E85D /* Main */ = {
			isa = PBXGroup;
			children = (
				E55A29DF2BDA69F40006E85D /* MainView.swift */,
				E55A29E12BDA6A040006E85D /* MainFeature.swift */,
			);
			path = Main;
			sourceTree = "<group>";
		};
		E55A29E72BDA78800006E85D /* App */ = {
			isa = PBXGroup;
			children = (
				E55A29E32BDA77850006E85D /* AppFeature.swift */,
				E55A29E52BDA78460006E85D /* AppView.swift */,
			);
			path = App;
			sourceTree = "<group>";
		};
		E55A29E82BDA78B10006E85D /* Services */ = {
			isa = PBXGroup;
			children = (
				E5BC9DE22BD7F7C800CBF85A /* NetworkClient.swift */,
				E5D846BA2BDBB93C006EEEDB /* UIImage+QRCodeGenerating.swift */,
				E515F8C62BE0DB5E00EA4ABF /* ServerPoll.swift */,
			);
			path = Services;
			sourceTree = "<group>";
		};
/* End PBXGroup section */

/* Begin PBXNativeTarget section */
		4C54B0162BC027FD00315A3B /* ProtonVPN-TV */ = {
			isa = PBXNativeTarget;
			buildConfigurationList = 4C54B03B2BC027FF00315A3B /* Build configuration list for PBXNativeTarget "ProtonVPN-TV" */;
			buildPhases = (
				4C54B0132BC027FD00315A3B /* Sources */,
				4C54B0142BC027FD00315A3B /* Frameworks */,
				4C54B0152BC027FD00315A3B /* Resources */,
			);
			buildRules = (
			);
			dependencies = (
			);
			name = "ProtonVPN-TV";
			packageProductDependencies = (
				E56C8CC12BCFC2CB0029B6AE /* ComposableArchitecture */,
				E56C8CC52BCFCEFF0029B6AE /* Theme */,
			);
			productName = ProtonVPN;
			productReference = 4C54B0172BC027FD00315A3B /* ProtonVPN-TV.app */;
			productType = "com.apple.product-type.application";
		};
		4C54B0262BC027FF00315A3B /* tvOSTests */ = {
			isa = PBXNativeTarget;
			buildConfigurationList = 4C54B03E2BC027FF00315A3B /* Build configuration list for PBXNativeTarget "tvOSTests" */;
			buildPhases = (
				4C54B0232BC027FF00315A3B /* Sources */,
				4C54B0242BC027FF00315A3B /* Frameworks */,
				4C54B0252BC027FF00315A3B /* Resources */,
			);
			buildRules = (
			);
			dependencies = (
				4C54B0292BC027FF00315A3B /* PBXTargetDependency */,
			);
			name = tvOSTests;
			productName = ProtonVPNTests;
			productReference = 4C54B0272BC027FF00315A3B /* tvOSTests.xctest */;
			productType = "com.apple.product-type.bundle.unit-test";
		};
		4C54B0302BC027FF00315A3B /* tvOSUITests */ = {
			isa = PBXNativeTarget;
			buildConfigurationList = 4C54B0412BC027FF00315A3B /* Build configuration list for PBXNativeTarget "tvOSUITests" */;
			buildPhases = (
				4C54B02D2BC027FF00315A3B /* Sources */,
				4C54B02E2BC027FF00315A3B /* Frameworks */,
				4C54B02F2BC027FF00315A3B /* Resources */,
			);
			buildRules = (
			);
			dependencies = (
				4C54B0332BC027FF00315A3B /* PBXTargetDependency */,
			);
			name = tvOSUITests;
			productName = ProtonVPNUITests;
			productReference = 4C54B0312BC027FF00315A3B /* tvOSUITests.xctest */;
			productType = "com.apple.product-type.bundle.ui-testing";
		};
		4C54B0482BC02AB200315A3B /* WireGuard-tvOS */ = {
			isa = PBXNativeTarget;
			buildConfigurationList = 4C54B0522BC02AB200315A3B /* Build configuration list for PBXNativeTarget "WireGuard-tvOS" */;
			buildPhases = (
				4C54B0452BC02AB200315A3B /* Sources */,
				4C54B0462BC02AB200315A3B /* Frameworks */,
				4C54B0472BC02AB200315A3B /* Resources */,
			);
			buildRules = (
			);
			dependencies = (
			);
			name = "WireGuard-tvOS";
			productName = "wireguard-tv";
			productReference = 4C54B0492BC02AB200315A3B /* WireGuard-tvOS.appex */;
			productType = "com.apple.product-type.app-extension";
		};
/* End PBXNativeTarget section */

/* Begin PBXProject section */
		4C54B00F2BC027FD00315A3B /* Project object */ = {
			isa = PBXProject;
			attributes = {
				BuildIndependentTargetsInParallel = 1;
				LastSwiftUpdateCheck = 1520;
				LastUpgradeCheck = 1520;
				TargetAttributes = {
					4C54B0162BC027FD00315A3B = {
						CreatedOnToolsVersion = 15.2;
					};
					4C54B0262BC027FF00315A3B = {
						CreatedOnToolsVersion = 15.2;
						TestTargetID = 4C54B0162BC027FD00315A3B;
					};
					4C54B0302BC027FF00315A3B = {
						CreatedOnToolsVersion = 15.2;
						TestTargetID = 4C54B0162BC027FD00315A3B;
					};
					4C54B0482BC02AB200315A3B = {
						CreatedOnToolsVersion = 15.2;
					};
				};
			};
			buildConfigurationList = 4C54B0122BC027FD00315A3B /* Build configuration list for PBXProject "tvOS" */;
			compatibilityVersion = "Xcode 14.0";
			developmentRegion = en;
			hasScannedForEncodings = 0;
			knownRegions = (
				en,
				Base,
			);
			mainGroup = 4C54B00E2BC027FD00315A3B;
			packageReferences = (
				E56C8CC02BCFC2CA0029B6AE /* XCRemoteSwiftPackageReference "swift-composable-architecture" */,
			);
			productRefGroup = 4C54B0182BC027FD00315A3B /* Products */;
			projectDirPath = "";
			projectRoot = "";
			targets = (
				4C54B0162BC027FD00315A3B /* ProtonVPN-TV */,
				4C54B0262BC027FF00315A3B /* tvOSTests */,
				4C54B0302BC027FF00315A3B /* tvOSUITests */,
				4C54B0482BC02AB200315A3B /* WireGuard-tvOS */,
			);
		};
/* End PBXProject section */

/* Begin PBXResourcesBuildPhase section */
		4C54B0152BC027FD00315A3B /* Resources */ = {
			isa = PBXResourcesBuildPhase;
			buildActionMask = 2147483647;
			files = (
				4C54B0222BC027FE00315A3B /* PreviewAssets.xcassets in Resources */,
				4C54B01F2BC027FE00315A3B /* Assets.xcassets in Resources */,
			);
			runOnlyForDeploymentPostprocessing = 0;
		};
		4C54B0252BC027FF00315A3B /* Resources */ = {
			isa = PBXResourcesBuildPhase;
			buildActionMask = 2147483647;
			files = (
			);
			runOnlyForDeploymentPostprocessing = 0;
		};
		4C54B02F2BC027FF00315A3B /* Resources */ = {
			isa = PBXResourcesBuildPhase;
			buildActionMask = 2147483647;
			files = (
			);
			runOnlyForDeploymentPostprocessing = 0;
		};
		4C54B0472BC02AB200315A3B /* Resources */ = {
			isa = PBXResourcesBuildPhase;
			buildActionMask = 2147483647;
			files = (
			);
			runOnlyForDeploymentPostprocessing = 0;
		};
/* End PBXResourcesBuildPhase section */

/* Begin PBXSourcesBuildPhase section */
		4C54B0132BC027FD00315A3B /* Sources */ = {
			isa = PBXSourcesBuildPhase;
			buildActionMask = 2147483647;
			files = (
				E55A29E02BDA69F40006E85D /* MainView.swift in Sources */,
				E515F8C82BE0DB7E00EA4ABF /* ServerPoll.swift in Sources */,
				E5280E612BD9057600CDDBAF /* SignInView.swift in Sources */,
				E515F8C52BE0D3F500EA4ABF /* CreateAccountFeature.swift in Sources */,
				E5280E5D2BD9057600CDDBAF /* SettingsView.swift in Sources */,
				E55A29DB2BDA50B80006E85D /* WelcomeFeature.swift in Sources */,
				E5280E5E2BD9057600CDDBAF /* WelcomeView.swift in Sources */,
				E55A29DD2BDA50D20006E85D /* SettingsFeature.swift in Sources */,
				E55A29E42BDA77850006E85D /* AppFeature.swift in Sources */,
				E55A29E22BDA6A040006E85D /* MainFeature.swift in Sources */,
				E5280E5F2BD9057600CDDBAF /* QRCodeView.swift in Sources */,
				E5D846BB2BDBB93C006EEEDB /* UIImage+QRCodeGenerating.swift in Sources */,
				E55A29D92BDA50100006E85D /* SignInFeature.swift in Sources */,
				E55A29E62BDA78460006E85D /* AppView.swift in Sources */,
				E5280E602BD9057600CDDBAF /* CreateAccountView.swift in Sources */,
				4C54B01B2BC027FD00315A3B /* ProtonVPNApp.swift in Sources */,
				E5BC9DE32BD7F7C800CBF85A /* NetworkClient.swift in Sources */,
			);
			runOnlyForDeploymentPostprocessing = 0;
		};
		4C54B0232BC027FF00315A3B /* Sources */ = {
			isa = PBXSourcesBuildPhase;
			buildActionMask = 2147483647;
			files = (
				4C54B02C2BC027FF00315A3B /* ProtonVPNTests.swift in Sources */,
				E515F8BF2BE0D1FC00EA4ABF /* WelcomeFeatureTests.swift in Sources */,
				E515F8C12BE0D1FC00EA4ABF /* MainFeatureTests.swift in Sources */,
				E515F8C02BE0D1FC00EA4ABF /* SignInFeatureTests.swift in Sources */,
				E515F8C22BE0D1FC00EA4ABF /* AppFeatureTests.swift in Sources */,
				E515F8BA2BE0CF6100EA4ABF /* SettingsFeatureTests.swift in Sources */,
			);
			runOnlyForDeploymentPostprocessing = 0;
		};
		4C54B02D2BC027FF00315A3B /* Sources */ = {
			isa = PBXSourcesBuildPhase;
			buildActionMask = 2147483647;
			files = (
				4C54B0362BC027FF00315A3B /* ProtonVPNUITests.swift in Sources */,
				4C54B0382BC027FF00315A3B /* ProtonVPNUITestsLaunchTests.swift in Sources */,
			);
			runOnlyForDeploymentPostprocessing = 0;
		};
		4C54B0452BC02AB200315A3B /* Sources */ = {
			isa = PBXSourcesBuildPhase;
			buildActionMask = 2147483647;
			files = (
				4C54B04F2BC02AB200315A3B /* PacketTunnelProvider.swift in Sources */,
			);
			runOnlyForDeploymentPostprocessing = 0;
		};
/* End PBXSourcesBuildPhase section */

/* Begin PBXTargetDependency section */
		4C54B0292BC027FF00315A3B /* PBXTargetDependency */ = {
			isa = PBXTargetDependency;
			target = 4C54B0162BC027FD00315A3B /* ProtonVPN-TV */;
			targetProxy = 4C54B0282BC027FF00315A3B /* PBXContainerItemProxy */;
		};
		4C54B0332BC027FF00315A3B /* PBXTargetDependency */ = {
			isa = PBXTargetDependency;
			target = 4C54B0162BC027FD00315A3B /* ProtonVPN-TV */;
			targetProxy = 4C54B0322BC027FF00315A3B /* PBXContainerItemProxy */;
		};
/* End PBXTargetDependency section */

/* Begin XCBuildConfiguration section */
		4C54B0392BC027FF00315A3B /* Debug */ = {
			isa = XCBuildConfiguration;
			baseConfigurationReference = 4C54B0442BC0288F00315A3B /* Config.xcconfig */;
			buildSettings = {
				ALWAYS_SEARCH_USER_PATHS = NO;
				ASSETCATALOG_COMPILER_GENERATE_SWIFT_ASSET_SYMBOL_EXTENSIONS = YES;
				CLANG_ANALYZER_NONNULL = YES;
				CLANG_ANALYZER_NUMBER_OBJECT_CONVERSION = YES_AGGRESSIVE;
				CLANG_CXX_LANGUAGE_STANDARD = "gnu++20";
				CLANG_ENABLE_MODULES = YES;
				CLANG_ENABLE_OBJC_ARC = YES;
				CLANG_ENABLE_OBJC_WEAK = YES;
				CLANG_WARN_BLOCK_CAPTURE_AUTORELEASING = YES;
				CLANG_WARN_BOOL_CONVERSION = YES;
				CLANG_WARN_COMMA = YES;
				CLANG_WARN_CONSTANT_CONVERSION = YES;
				CLANG_WARN_DEPRECATED_OBJC_IMPLEMENTATIONS = YES;
				CLANG_WARN_DIRECT_OBJC_ISA_USAGE = YES_ERROR;
				CLANG_WARN_DOCUMENTATION_COMMENTS = YES;
				CLANG_WARN_EMPTY_BODY = YES;
				CLANG_WARN_ENUM_CONVERSION = YES;
				CLANG_WARN_INFINITE_RECURSION = YES;
				CLANG_WARN_INT_CONVERSION = YES;
				CLANG_WARN_NON_LITERAL_NULL_CONVERSION = YES;
				CLANG_WARN_OBJC_IMPLICIT_RETAIN_SELF = YES;
				CLANG_WARN_OBJC_LITERAL_CONVERSION = YES;
				CLANG_WARN_OBJC_ROOT_CLASS = YES_ERROR;
				CLANG_WARN_QUOTED_INCLUDE_IN_FRAMEWORK_HEADER = YES;
				CLANG_WARN_RANGE_LOOP_ANALYSIS = YES;
				CLANG_WARN_STRICT_PROTOTYPES = YES;
				CLANG_WARN_SUSPICIOUS_MOVE = YES;
				CLANG_WARN_UNGUARDED_AVAILABILITY = YES_AGGRESSIVE;
				CLANG_WARN_UNREACHABLE_CODE = YES;
				CLANG_WARN__DUPLICATE_METHOD_MATCH = YES;
				COPY_PHASE_STRIP = NO;
				DEBUG_INFORMATION_FORMAT = dwarf;
				ENABLE_STRICT_OBJC_MSGSEND = YES;
				ENABLE_TESTABILITY = YES;
				ENABLE_USER_SCRIPT_SANDBOXING = YES;
				GCC_C_LANGUAGE_STANDARD = gnu17;
				GCC_DYNAMIC_NO_PIC = NO;
				GCC_NO_COMMON_BLOCKS = YES;
				GCC_OPTIMIZATION_LEVEL = 0;
				GCC_PREPROCESSOR_DEFINITIONS = (
					"DEBUG=1",
					"$(inherited)",
				);
				GCC_WARN_64_TO_32_BIT_CONVERSION = YES;
				GCC_WARN_ABOUT_RETURN_TYPE = YES_ERROR;
				GCC_WARN_UNDECLARED_SELECTOR = YES;
				GCC_WARN_UNINITIALIZED_AUTOS = YES_AGGRESSIVE;
				GCC_WARN_UNUSED_FUNCTION = YES;
				GCC_WARN_UNUSED_VARIABLE = YES;
				LOCALIZATION_PREFERS_STRING_CATALOGS = YES;
				MTL_ENABLE_DEBUG_INFO = INCLUDE_SOURCE;
				MTL_FAST_MATH = YES;
				ONLY_ACTIVE_ARCH = YES;
				SDKROOT = appletvos;
				SWIFT_ACTIVE_COMPILATION_CONDITIONS = "DEBUG $(inherited)";
				SWIFT_OPTIMIZATION_LEVEL = "-Onone";
				TVOS_DEPLOYMENT_TARGET = 17.0;
			};
			name = Debug;
		};
		4C54B03A2BC027FF00315A3B /* Release */ = {
			isa = XCBuildConfiguration;
			baseConfigurationReference = 4C54B0442BC0288F00315A3B /* Config.xcconfig */;
			buildSettings = {
				ALWAYS_SEARCH_USER_PATHS = NO;
				ASSETCATALOG_COMPILER_GENERATE_SWIFT_ASSET_SYMBOL_EXTENSIONS = YES;
				CLANG_ANALYZER_NONNULL = YES;
				CLANG_ANALYZER_NUMBER_OBJECT_CONVERSION = YES_AGGRESSIVE;
				CLANG_CXX_LANGUAGE_STANDARD = "gnu++20";
				CLANG_ENABLE_MODULES = YES;
				CLANG_ENABLE_OBJC_ARC = YES;
				CLANG_ENABLE_OBJC_WEAK = YES;
				CLANG_WARN_BLOCK_CAPTURE_AUTORELEASING = YES;
				CLANG_WARN_BOOL_CONVERSION = YES;
				CLANG_WARN_COMMA = YES;
				CLANG_WARN_CONSTANT_CONVERSION = YES;
				CLANG_WARN_DEPRECATED_OBJC_IMPLEMENTATIONS = YES;
				CLANG_WARN_DIRECT_OBJC_ISA_USAGE = YES_ERROR;
				CLANG_WARN_DOCUMENTATION_COMMENTS = YES;
				CLANG_WARN_EMPTY_BODY = YES;
				CLANG_WARN_ENUM_CONVERSION = YES;
				CLANG_WARN_INFINITE_RECURSION = YES;
				CLANG_WARN_INT_CONVERSION = YES;
				CLANG_WARN_NON_LITERAL_NULL_CONVERSION = YES;
				CLANG_WARN_OBJC_IMPLICIT_RETAIN_SELF = YES;
				CLANG_WARN_OBJC_LITERAL_CONVERSION = YES;
				CLANG_WARN_OBJC_ROOT_CLASS = YES_ERROR;
				CLANG_WARN_QUOTED_INCLUDE_IN_FRAMEWORK_HEADER = YES;
				CLANG_WARN_RANGE_LOOP_ANALYSIS = YES;
				CLANG_WARN_STRICT_PROTOTYPES = YES;
				CLANG_WARN_SUSPICIOUS_MOVE = YES;
				CLANG_WARN_UNGUARDED_AVAILABILITY = YES_AGGRESSIVE;
				CLANG_WARN_UNREACHABLE_CODE = YES;
				CLANG_WARN__DUPLICATE_METHOD_MATCH = YES;
				COPY_PHASE_STRIP = NO;
				DEBUG_INFORMATION_FORMAT = "dwarf-with-dsym";
				ENABLE_NS_ASSERTIONS = NO;
				ENABLE_STRICT_OBJC_MSGSEND = YES;
				ENABLE_USER_SCRIPT_SANDBOXING = YES;
				GCC_C_LANGUAGE_STANDARD = gnu17;
				GCC_NO_COMMON_BLOCKS = YES;
				GCC_WARN_64_TO_32_BIT_CONVERSION = YES;
				GCC_WARN_ABOUT_RETURN_TYPE = YES_ERROR;
				GCC_WARN_UNDECLARED_SELECTOR = YES;
				GCC_WARN_UNINITIALIZED_AUTOS = YES_AGGRESSIVE;
				GCC_WARN_UNUSED_FUNCTION = YES;
				GCC_WARN_UNUSED_VARIABLE = YES;
				LOCALIZATION_PREFERS_STRING_CATALOGS = YES;
				MTL_ENABLE_DEBUG_INFO = NO;
				MTL_FAST_MATH = YES;
				SDKROOT = appletvos;
				SWIFT_COMPILATION_MODE = wholemodule;
				TVOS_DEPLOYMENT_TARGET = 17.0;
				VALIDATE_PRODUCT = YES;
			};
			name = Release;
		};
		4C54B03C2BC027FF00315A3B /* Debug */ = {
			isa = XCBuildConfiguration;
			buildSettings = {
				ASSETCATALOG_COMPILER_APPICON_NAME = "App Icon & Top Shelf Image";
				ASSETCATALOG_COMPILER_GLOBAL_ACCENT_COLOR_NAME = AccentColor;
				CODE_SIGN_STYLE = Automatic;
				CURRENT_PROJECT_VERSION = 1;
				DEVELOPMENT_ASSET_PATHS = "\"ProtonVPN/PreviewContent\"";
				DEVELOPMENT_TEAM = 2SB5Z68H26;
				ENABLE_PREVIEWS = YES;
				GENERATE_INFOPLIST_FILE = YES;
				INFOPLIST_KEY_CFBundleDisplayName = "$(PRODUCT_DISPLAY_NAME)";
				INFOPLIST_KEY_LSApplicationCategoryType = "";
				INFOPLIST_KEY_UILaunchScreen_Generation = YES;
				INFOPLIST_KEY_UIUserInterfaceStyle = Automatic;
				LD_RUNPATH_SEARCH_PATHS = (
					"$(inherited)",
					"@executable_path/Frameworks",
				);
				MARKETING_VERSION = "$(TVOS_APP_VERSION)";
				PRODUCT_BUNDLE_IDENTIFIER = ch.protonmail.vpn;
				PRODUCT_NAME = "$(TARGET_NAME)";
				SWIFT_EMIT_LOC_STRINGS = YES;
				SWIFT_VERSION = 5.0;
				TARGETED_DEVICE_FAMILY = 3;
				TVOS_DEPLOYMENT_TARGET = 17.0;
			};
			name = Debug;
		};
		4C54B03D2BC027FF00315A3B /* Release */ = {
			isa = XCBuildConfiguration;
			buildSettings = {
				ASSETCATALOG_COMPILER_APPICON_NAME = "App Icon & Top Shelf Image";
				ASSETCATALOG_COMPILER_GLOBAL_ACCENT_COLOR_NAME = AccentColor;
				CODE_SIGN_STYLE = Automatic;
				CURRENT_PROJECT_VERSION = 1;
				DEVELOPMENT_ASSET_PATHS = "\"ProtonVPN/PreviewContent\"";
				DEVELOPMENT_TEAM = 2SB5Z68H26;
				ENABLE_PREVIEWS = YES;
				GENERATE_INFOPLIST_FILE = YES;
				INFOPLIST_KEY_CFBundleDisplayName = "$(PRODUCT_DISPLAY_NAME)";
				INFOPLIST_KEY_LSApplicationCategoryType = "";
				INFOPLIST_KEY_UILaunchScreen_Generation = YES;
				INFOPLIST_KEY_UIUserInterfaceStyle = Automatic;
				LD_RUNPATH_SEARCH_PATHS = (
					"$(inherited)",
					"@executable_path/Frameworks",
				);
				MARKETING_VERSION = "$(TVOS_APP_VERSION)";
				PRODUCT_BUNDLE_IDENTIFIER = ch.protonmail.vpn;
				PRODUCT_NAME = "$(TARGET_NAME)";
				SWIFT_EMIT_LOC_STRINGS = YES;
				SWIFT_VERSION = 5.0;
				TARGETED_DEVICE_FAMILY = 3;
				TVOS_DEPLOYMENT_TARGET = 17.0;
			};
			name = Release;
		};
		4C54B03F2BC027FF00315A3B /* Debug */ = {
			isa = XCBuildConfiguration;
			buildSettings = {
				ALWAYS_EMBED_SWIFT_STANDARD_LIBRARIES = YES;
				BUNDLE_LOADER = "$(TEST_HOST)";
				CODE_SIGN_STYLE = Automatic;
				CURRENT_PROJECT_VERSION = 1;
				DEVELOPMENT_TEAM = 2SB5Z68H26;
				GENERATE_INFOPLIST_FILE = YES;
				MARKETING_VERSION = 1.0;
				PRODUCT_BUNDLE_IDENTIFIER = ch.protonmail.vpn.ProtonVPNTests;
				PRODUCT_NAME = "$(TARGET_NAME)";
				SWIFT_EMIT_LOC_STRINGS = NO;
				SWIFT_VERSION = 5.0;
				TARGETED_DEVICE_FAMILY = 3;
				TEST_HOST = "$(BUILT_PRODUCTS_DIR)/ProtonVPN-TV.app/$(BUNDLE_EXECUTABLE_FOLDER_PATH)/ProtonVPN-TV";
				TVOS_DEPLOYMENT_TARGET = 17.0;
			};
			name = Debug;
		};
		4C54B0402BC027FF00315A3B /* Release */ = {
			isa = XCBuildConfiguration;
			buildSettings = {
				ALWAYS_EMBED_SWIFT_STANDARD_LIBRARIES = YES;
				BUNDLE_LOADER = "$(TEST_HOST)";
				CODE_SIGN_STYLE = Automatic;
				CURRENT_PROJECT_VERSION = 1;
				DEVELOPMENT_TEAM = 2SB5Z68H26;
				GENERATE_INFOPLIST_FILE = YES;
				MARKETING_VERSION = 1.0;
				PRODUCT_BUNDLE_IDENTIFIER = ch.protonmail.vpn.ProtonVPNTests;
				PRODUCT_NAME = "$(TARGET_NAME)";
				SWIFT_EMIT_LOC_STRINGS = NO;
				SWIFT_VERSION = 5.0;
				TARGETED_DEVICE_FAMILY = 3;
				TEST_HOST = "$(BUILT_PRODUCTS_DIR)/ProtonVPN-TV.app/$(BUNDLE_EXECUTABLE_FOLDER_PATH)/ProtonVPN-TV";
				TVOS_DEPLOYMENT_TARGET = 17.0;
			};
			name = Release;
		};
		4C54B0422BC027FF00315A3B /* Debug */ = {
			isa = XCBuildConfiguration;
			buildSettings = {
				ALWAYS_EMBED_SWIFT_STANDARD_LIBRARIES = YES;
				CODE_SIGN_STYLE = Automatic;
				CURRENT_PROJECT_VERSION = 1;
				DEVELOPMENT_TEAM = 2SB5Z68H26;
				GENERATE_INFOPLIST_FILE = YES;
				MARKETING_VERSION = 1.0;
				PRODUCT_BUNDLE_IDENTIFIER = ch.protonmail.vpn.ProtonVPNUITests;
				PRODUCT_NAME = "$(TARGET_NAME)";
				SWIFT_EMIT_LOC_STRINGS = NO;
				SWIFT_VERSION = 5.0;
				TARGETED_DEVICE_FAMILY = 3;
				TEST_TARGET_NAME = ProtonVPN;
				TVOS_DEPLOYMENT_TARGET = 17.0;
			};
			name = Debug;
		};
		4C54B0432BC027FF00315A3B /* Release */ = {
			isa = XCBuildConfiguration;
			buildSettings = {
				ALWAYS_EMBED_SWIFT_STANDARD_LIBRARIES = YES;
				CODE_SIGN_STYLE = Automatic;
				CURRENT_PROJECT_VERSION = 1;
				DEVELOPMENT_TEAM = 2SB5Z68H26;
				GENERATE_INFOPLIST_FILE = YES;
				MARKETING_VERSION = 1.0;
				PRODUCT_BUNDLE_IDENTIFIER = ch.protonmail.vpn.ProtonVPNUITests;
				PRODUCT_NAME = "$(TARGET_NAME)";
				SWIFT_EMIT_LOC_STRINGS = NO;
				SWIFT_VERSION = 5.0;
				TARGETED_DEVICE_FAMILY = 3;
				TEST_TARGET_NAME = ProtonVPN;
				TVOS_DEPLOYMENT_TARGET = 17.0;
			};
			name = Release;
		};
		4C54B0532BC02AB200315A3B /* Debug */ = {
			isa = XCBuildConfiguration;
			buildSettings = {
				CODE_SIGN_ENTITLEMENTS = "wireguard-tv/wireguard_tv.entitlements";
				CODE_SIGN_STYLE = Automatic;
				CURRENT_PROJECT_VERSION = 1;
				DEVELOPMENT_TEAM = 2SB5Z68H26;
				ENABLE_HARDENED_RUNTIME = YES;
				GENERATE_INFOPLIST_FILE = YES;
				INFOPLIST_FILE = "wireguard-tv/Info.plist";
				INFOPLIST_KEY_CFBundleDisplayName = "wireguard-tv";
				INFOPLIST_KEY_NSHumanReadableCopyright = "";
				LD_RUNPATH_SEARCH_PATHS = (
					"$(inherited)",
					"@executable_path/../Frameworks",
					"@executable_path/../../../../Frameworks",
				);
				MACOSX_DEPLOYMENT_TARGET = 13.6;
				MARKETING_VERSION = 1.0;
				PRODUCT_BUNDLE_IDENTIFIER = "ch.protonmail.vpn.wireguard-tv";
				PRODUCT_NAME = "$(TARGET_NAME)";
				SDKROOT = macosx;
				SKIP_INSTALL = YES;
				SWIFT_EMIT_LOC_STRINGS = YES;
				SWIFT_VERSION = 5.0;
			};
			name = Debug;
		};
		4C54B0542BC02AB200315A3B /* Release */ = {
			isa = XCBuildConfiguration;
			buildSettings = {
				CODE_SIGN_ENTITLEMENTS = "wireguard-tv/wireguard_tv.entitlements";
				CODE_SIGN_STYLE = Automatic;
				CURRENT_PROJECT_VERSION = 1;
				DEVELOPMENT_TEAM = 2SB5Z68H26;
				ENABLE_HARDENED_RUNTIME = YES;
				GENERATE_INFOPLIST_FILE = YES;
				INFOPLIST_FILE = "wireguard-tv/Info.plist";
				INFOPLIST_KEY_CFBundleDisplayName = "wireguard-tv";
				INFOPLIST_KEY_NSHumanReadableCopyright = "";
				LD_RUNPATH_SEARCH_PATHS = (
					"$(inherited)",
					"@executable_path/../Frameworks",
					"@executable_path/../../../../Frameworks",
				);
				MACOSX_DEPLOYMENT_TARGET = 13.6;
				MARKETING_VERSION = 1.0;
				PRODUCT_BUNDLE_IDENTIFIER = "ch.protonmail.vpn.wireguard-tv";
				PRODUCT_NAME = "$(TARGET_NAME)";
				SDKROOT = macosx;
				SKIP_INSTALL = YES;
				SWIFT_EMIT_LOC_STRINGS = YES;
				SWIFT_VERSION = 5.0;
			};
			name = Release;
		};
/* End XCBuildConfiguration section */

/* Begin XCConfigurationList section */
		4C54B0122BC027FD00315A3B /* Build configuration list for PBXProject "tvOS" */ = {
			isa = XCConfigurationList;
			buildConfigurations = (
				4C54B0392BC027FF00315A3B /* Debug */,
				4C54B03A2BC027FF00315A3B /* Release */,
			);
			defaultConfigurationIsVisible = 0;
			defaultConfigurationName = Release;
		};
		4C54B03B2BC027FF00315A3B /* Build configuration list for PBXNativeTarget "ProtonVPN-TV" */ = {
			isa = XCConfigurationList;
			buildConfigurations = (
				4C54B03C2BC027FF00315A3B /* Debug */,
				4C54B03D2BC027FF00315A3B /* Release */,
			);
			defaultConfigurationIsVisible = 0;
			defaultConfigurationName = Release;
		};
		4C54B03E2BC027FF00315A3B /* Build configuration list for PBXNativeTarget "tvOSTests" */ = {
			isa = XCConfigurationList;
			buildConfigurations = (
				4C54B03F2BC027FF00315A3B /* Debug */,
				4C54B0402BC027FF00315A3B /* Release */,
			);
			defaultConfigurationIsVisible = 0;
			defaultConfigurationName = Release;
		};
		4C54B0412BC027FF00315A3B /* Build configuration list for PBXNativeTarget "tvOSUITests" */ = {
			isa = XCConfigurationList;
			buildConfigurations = (
				4C54B0422BC027FF00315A3B /* Debug */,
				4C54B0432BC027FF00315A3B /* Release */,
			);
			defaultConfigurationIsVisible = 0;
			defaultConfigurationName = Release;
		};
		4C54B0522BC02AB200315A3B /* Build configuration list for PBXNativeTarget "WireGuard-tvOS" */ = {
			isa = XCConfigurationList;
			buildConfigurations = (
				4C54B0532BC02AB200315A3B /* Debug */,
				4C54B0542BC02AB200315A3B /* Release */,
			);
			defaultConfigurationIsVisible = 0;
			defaultConfigurationName = Release;
		};
/* End XCConfigurationList section */

/* Begin XCRemoteSwiftPackageReference section */
		E56C8CC02BCFC2CA0029B6AE /* XCRemoteSwiftPackageReference "swift-composable-architecture" */ = {
			isa = XCRemoteSwiftPackageReference;
			repositoryURL = "https://github.com/pointfreeco/swift-composable-architecture.git";
			requirement = {
				kind = exactVersion;
				version = 1.10.2;
			};
		};
/* End XCRemoteSwiftPackageReference section */

/* Begin XCSwiftPackageProductDependency section */
		E56C8CC12BCFC2CB0029B6AE /* ComposableArchitecture */ = {
			isa = XCSwiftPackageProductDependency;
			package = E56C8CC02BCFC2CA0029B6AE /* XCRemoteSwiftPackageReference "swift-composable-architecture" */;
			productName = ComposableArchitecture;
		};
		E56C8CC52BCFCEFF0029B6AE /* Theme */ = {
			isa = XCSwiftPackageProductDependency;
			productName = Theme;
		};
/* End XCSwiftPackageProductDependency section */
	};
	rootObject = 4C54B00F2BC027FD00315A3B /* Project object */;
}
